
Microsoft Visual Studio Solution File, Format Version 12.00
# Visual Studio Version 16
VisualStudioVersion = 16.0.31624.102
MinimumVisualStudioVersion = 10.0.40219.1
Project("{FAE04EC0-301F-11D3-BF4B-00C04F79EFBC}") = "DocxReducer", "DocxReducer\DocxReducer.csproj", "{8C539C07-E5B6-4CBE-9261-BC4783A7B332}"
EndProject
Project("{FAE04EC0-301F-11D3-BF4B-00C04F79EFBC}") = "ConsoleApp", "ConsoleApp\ConsoleApp.csproj", "{C81F4ABC-60ED-4112-8585-153120EF6DC6}"
EndProject
Project("{FAE04EC0-301F-11D3-BF4B-00C04F79EFBC}") = "DocxReducerTests", "DocxReducerTests\DocxReducerTests.csproj", "{89F920B2-232F-4815-A9E6-BF045029C226}"
EndProject
Global
	GlobalSection(SolutionConfigurationPlatforms) = preSolution
		Debug|Any CPU = Debug|Any CPU
		Release|Any CPU = Release|Any CPU
	EndGlobalSection
	GlobalSection(ProjectConfigurationPlatforms) = postSolution
		{8C539C07-E5B6-4CBE-9261-BC4783A7B332}.Debug|Any CPU.ActiveCfg = Debug|Any CPU
		{8C539C07-E5B6-4CBE-9261-BC4783A7B332}.Debug|Any CPU.Build.0 = Debug|Any CPU
		{8C539C07-E5B6-4CBE-9261-BC4783A7B332}.Release|Any CPU.ActiveCfg = Release|Any CPU
		{8C539C07-E5B6-4CBE-9261-BC4783A7B332}.Release|Any CPU.Build.0 = Release|Any CPU
		{C81F4ABC-60ED-4112-8585-153120EF6DC6}.Debug|Any CPU.ActiveCfg = Debug|Any CPU
		{C81F4ABC-60ED-4112-8585-153120EF6DC6}.Debug|Any CPU.Build.0 = Debug|Any CPU
		{C81F4ABC-60ED-4112-8585-153120EF6DC6}.Release|Any CPU.ActiveCfg = Release|Any CPU
		{C81F4ABC-60ED-4112-8585-153120EF6DC6}.Release|Any CPU.Build.0 = Release|Any CPU
		{89F920B2-232F-4815-A9E6-BF045029C226}.Debug|Any CPU.ActiveCfg = Debug|Any CPU
		{89F920B2-232F-4815-A9E6-BF045029C226}.Debug|Any CPU.Build.0 = Debug|Any CPU
		{89F920B2-232F-4815-A9E6-BF045029C226}.Release|Any CPU.ActiveCfg = Release|Any CPU
		{89F920B2-232F-4815-A9E6-BF045029C226}.Release|Any CPU.Build.0 = Release|Any CPU
	EndGlobalSection
	GlobalSection(SolutionProperties) = preSolution
		HideSolutionNode = FALSE
	EndGlobalSection
	GlobalSection(ExtensibilityGlobals) = postSolution
		SolutionGuid = {292B09F9-1902-43E0-AD53-626A961E1225}
	EndGlobalSection
EndGlobal
